
Microsoft Visual Studio Solution File, Format Version 12.00
# Visual Studio 2012
Project("{FAE04EC0-301F-11D3-BF4B-00C04F79EFBC}") = "CollectionViewReuseTest", "CollectionViewReuseTest.csproj", "{E5F987F9-A15C-4A4B-8575-23600CE2ADA4}"
EndProject
Global
	GlobalSection(SolutionConfigurationPlatforms) = preSolution
		Debug|iPhoneSimulator = Debug|iPhoneSimulator
		Release|iPhone = Release|iPhone
		Release|iPhoneSimulator = Release|iPhoneSimulator
		Debug|iPhone = Debug|iPhone
	EndGlobalSection
	GlobalSection(ProjectConfigurationPlatforms) = postSolution
		{E5F987F9-A15C-4A4B-8575-23600CE2ADA4}.Debug|iPhone.ActiveCfg = Debug|iPhone
		{E5F987F9-A15C-4A4B-8575-23600CE2ADA4}.Debug|iPhone.Build.0 = Debug|iPhone
		{E5F987F9-A15C-4A4B-8575-23600CE2ADA4}.Debug|iPhoneSimulator.ActiveCfg = Debug|iPhoneSimulator
		{E5F987F9-A15C-4A4B-8575-23600CE2ADA4}.Debug|iPhoneSimulator.Build.0 = Debug|iPhoneSimulator
		{E5F987F9-A15C-4A4B-8575-23600CE2ADA4}.Release|iPhone.ActiveCfg = Release|iPhone
		{E5F987F9-A15C-4A4B-8575-23600CE2ADA4}.Release|iPhone.Build.0 = Release|iPhone
		{E5F987F9-A15C-4A4B-8575-23600CE2ADA4}.Release|iPhoneSimulator.ActiveCfg = Release|iPhoneSimulator
		{E5F987F9-A15C-4A4B-8575-23600CE2ADA4}.Release|iPhoneSimulator.Build.0 = Release|iPhoneSimulator
	EndGlobalSection
EndGlobal
